{
    "_readme": [
        "This file locks the dependencies of your project to a known state",
        "Read more about it at https://getcomposer.org/doc/01-basic-usage.md#installing-dependencies",
        "This file is @generated automatically"
    ],
    "content-hash": "4d4a10bc8a21f0d8c3fc156eb6ab821b",
    "packages": [
        {
            "name": "robindev/metadata",
            "version": "v1.4",
            "source": {
                "type": "git",
                "url": "https://github.com/Powarox2159/robindev-metadata.git",
                "reference": "2e69314613a72f891367e36dc7ba6b97c4eb9592"
            },
            "dist": {
                "type": "zip",
                "url": "https://api.github.com/repos/Powarox2159/robindev-metadata/zipball/2e69314613a72f891367e36dc7ba6b97c4eb9592",
                "reference": "2e69314613a72f891367e36dc7ba6b97c4eb9592",
                "shasum": ""
            },
            "require": {
                "php": ">=5.3.0"
            },
            "type": "library",
            "autoload": {
                "psr-4": {
                    "Metadata\\": "src/"
                }
            },
            "notification-url": "https://packagist.org/downloads/",
            "license": [
                "MIT"
            ],
            "authors": [
                {
                    "name": "Powarox2159",
                    "email": "moriniere.robin1877@gmail.com",
                    "role": "Manager"
                },
                {
                    "name": "Moriniere Robin",
                    "email": "21606393@etu.unicaen.fr",
                    "role": "Developer"
                },
                {
                    "name": "Seck Mohamed Lamine",
                    "email": "21711412@etu.unicaen.fr",
                    "role": "Developer"
                }
            ],
            "description": "librairie php pour manipuler les m\u0000tadonn\u0000es",
            "homepage": "https://github.com/Powarox2159/robindev-metadata",
            "keywords": [
                "metadata"
            ],
            "support": {
                "issues": "https://github.com/Powarox2159/robindev-metadata/issues",
                "source": "https://github.com/Powarox2159/robindev-metadata/tree/v1.4"
            },
            "time": "2021-03-08T18:50:45+00:00"
        }
    ],
    "packages-dev": [],
    "aliases": [],
    "minimum-stability": "stable",
    "stability-flags": [],
    "prefer-stable": false,
    "prefer-lowest": false,
    "platform": [],
    "platform-dev": [],
    "plugin-api-version": "2.0.0"
}
